// !$*UTF8*$!
{
	archiveVersion = 1;
	classes = {
	};
	objectVersion = 46;
	objects = {

/* Begin PBXBuildFile section */
		2F08250A16D770170036ECC0 /* UIKit.framework in Frameworks */ = {isa = PBXBuildFile; fileRef = 2F08250916D770170036ECC0 /* UIKit.framework */; };
		2F08250C16D770170036ECC0 /* Foundation.framework in Frameworks */ = {isa = PBXBuildFile; fileRef = 2F08250B16D770170036ECC0 /* Foundation.framework */; };
		2F08250E16D770170036ECC0 /* CoreGraphics.framework in Frameworks */ = {isa = PBXBuildFile; fileRef = 2F08250D16D770170036ECC0 /* CoreGraphics.framework */; };
		2F08251416D770170036ECC0 /* InfoPlist.strings in Resources */ = {isa = PBXBuildFile; fileRef = 2F08251216D770170036ECC0 /* InfoPlist.strings */; };
		2F08251616D770170036ECC0 /* main.m in Sources */ = {isa = PBXBuildFile; fileRef = 2F08251516D770170036ECC0 /* main.m */; };
		2F08251A16D770170036ECC0 /* HelloWorldAppDelegate.m in Sources */ = {isa = PBXBuildFile; fileRef = 2F08251916D770170036ECC0 /* HelloWorldAppDelegate.m */; };
		2F08251C16D770170036ECC0 /* Default.png in Resources */ = {isa = PBXBuildFile; fileRef = 2F08251B16D770170036ECC0 /* Default.png */; };
		2F08251E16D770170036ECC0 /* Default@2x.png in Resources */ = {isa = PBXBuildFile; fileRef = 2F08251D16D770170036ECC0 /* Default@2x.png */; };
		2F08252016D770170036ECC0 /* Default-568h@2x.png in Resources */ = {isa = PBXBuildFile; fileRef = 2F08251F16D770170036ECC0 /* Default-568h@2x.png */; };
		2F08252316D770170036ECC0 /* MainStoryboard.storyboard in Resources */ = {isa = PBXBuildFile; fileRef = 2F08252116D770170036ECC0 /* MainStoryboard.storyboard */; };
		2F08252616D770170036ECC0 /* HelloWorldViewController.m in Sources */ = {isa = PBXBuildFile; fileRef = 2F08252516D770170036ECC0 /* HelloWorldViewController.m */; };
/* End PBXBuildFile section */

/* Begin PBXFileReference section */
		2F08250616D770170036ECC0 /* HelloWorld.app */ = {isa = PBXFileReference; explicitFileType = wrapper.application; includeInIndex = 0; path = HelloWorld.app; sourceTree = BUILT_PRODUCTS_DIR; };
		2F08250916D770170036ECC0 /* UIKit.framework */ = {isa = PBXFileReference; lastKnownFileType = wrapper.framework; name = UIKit.framework; path = System/Library/Frameworks/UIKit.framework; sourceTree = SDKROOT; };
		2F08250B16D770170036ECC0 /* Foundation.framework */ = {isa = PBXFileReference; lastKnownFileType = wrapper.framework; name = Foundation.framework; path = System/Library/Frameworks/Foundation.framework; sourceTree = SDKROOT; };
		2F08250D16D770170036ECC0 /* CoreGraphics.framework */ = {isa = PBXFileReference; lastKnownFileType = wrapper.framework; name = CoreGraphics.framework; path = System/Library/Frameworks/CoreGraphics.framework; sourceTree = SDKROOT; };
		2F08251116D770170036ECC0 /* HelloWorld-Info.plist */ = {isa = PBXFileReference; lastKnownFileType = text.plist.xml; path = "HelloWorld-Info.plist"; sourceTree = "<group>"; };
		2F08251316D770170036ECC0 /* en */ = {isa = PBXFileReference; lastKnownFileType = text.plist.strings; name = en; path = en.lproj/InfoPlist.strings; sourceTree = "<group>"; };
		2F08251516D770170036ECC0 /* main.m */ = {isa = PBXFileReference; lastKnownFileType = sourcecode.c.objc; path = main.m; sourceTree = "<group>"; };
		2F08251716D770170036ECC0 /* HelloWorld-Prefix.pch */ = {isa = PBXFileReference; lastKnownFileType = sourcecode.c.h; path = "HelloWorld-Prefix.pch"; sourceTree = "<group>"; };
		2F08251816D770170036ECC0 /* HelloWorldAppDelegate.h */ = {isa = PBXFileReference; lastKnownFileType = sourcecode.c.h; path = HelloWorldAppDelegate.h; sourceTree = "<group>"; };
		2F08251916D770170036ECC0 /* HelloWorldAppDelegate.m */ = {isa = PBXFileReference; lastKnownFileType = sourcecode.c.objc; path = HelloWorldAppDelegate.m; sourceTree = "<group>"; };
		2F08251B16D770170036ECC0 /* Default.png */ = {isa = PBXFileReference; lastKnownFileType = image.png; path = Default.png; sourceTree = "<group>"; };
		2F08251D16D770170036ECC0 /* Default@2x.png */ = {isa = PBXFileReference; lastKnownFileType = image.png; path = "Default@2x.png"; sourceTree = "<group>"; };
		2F08251F16D770170036ECC0 /* Default-568h@2x.png */ = {isa = PBXFileReference; lastKnownFileType = image.png; path = "Default-568h@2x.png"; sourceTree = "<group>"; };
		2F08252216D770170036ECC0 /* en */ = {isa = PBXFileReference; lastKnownFileType = file.storyboard; name = en; path = en.lproj/MainStoryboard.storyboard; sourceTree = "<group>"; };
		2F08252416D770170036ECC0 /* HelloWorldViewController.h */ = {isa = PBXFileReference; lastKnownFileType = sourcecode.c.h; path = HelloWorldViewController.h; sourceTree = "<group>"; };
		2F08252516D770170036ECC0 /* HelloWorldViewController.m */ = {isa = PBXFileReference; lastKnownFileType = sourcecode.c.objc; path = HelloWorldViewController.m; sourceTree = "<group>"; };
/* End PBXFileReference section */

/* Begin PBXFrameworksBuildPhase section */
		2F08250316D770170036ECC0 /* Frameworks */ = {
			isa = PBXFrameworksBuildPhase;
			buildActionMask = 2147483647;
			files = (
				2F08250A16D770170036ECC0 /* UIKit.framework in Frameworks */,
				2F08250C16D770170036ECC0 /* Foundation.framework in Frameworks */,
				2F08250E16D770170036ECC0 /* CoreGraphics.framework in Frameworks */,
			);
			runOnlyForDeploymentPostprocessing = 0;
		};
/* End PBXFrameworksBuildPhase section */

/* Begin PBXGroup section */
		2F0824FD16D770160036ECC0 = {
			isa = PBXGroup;
			children = (
				2F08250F16D770170036ECC0 /* HelloWorld */,
				2F08250816D770170036ECC0 /* Frameworks */,
				2F08250716D770170036ECC0 /* Products */,
			);
			sourceTree = "<group>";
		};
		2F08250716D770170036ECC0 /* Products */ = {
			isa = PBXGroup;
			children = (
				2F08250616D770170036ECC0 /* HelloWorld.app */,
			);
			name = Products;
			sourceTree = "<group>";
		};
		2F08250816D770170036ECC0 /* Frameworks */ = {
			isa = PBXGroup;
			children = (
				2F08250916D770170036ECC0 /* UIKit.framework */,
				2F08250B16D770170036ECC0 /* Foundation.framework */,
				2F08250D16D770170036ECC0 /* CoreGraphics.framework */,
			);
			name = Frameworks;
			sourceTree = "<group>";
		};
		2F08250F16D770170036ECC0 /* HelloWorld */ = {
			isa = PBXGroup;
			children = (
				2F08251816D770170036ECC0 /* HelloWorldAppDelegate.h */,
				2F08251916D770170036ECC0 /* HelloWorldAppDelegate.m */,
				2F08252116D770170036ECC0 /* MainStoryboard.storyboard */,
				2F08252416D770170036ECC0 /* HelloWorldViewController.h */,
				2F08252516D770170036ECC0 /* HelloWorldViewController.m */,
				2F08251016D770170036ECC0 /* Supporting Files */,
			);
			path = HelloWorld;
			sourceTree = "<group>";
		};
		2F08251016D770170036ECC0 /* Supporting Files */ = {
			isa = PBXGroup;
			children = (
				2F08251116D770170036ECC0 /* HelloWorld-Info.plist */,
				2F08251216D770170036ECC0 /* InfoPlist.strings */,
				2F08251516D770170036ECC0 /* main.m */,
				2F08251716D770170036ECC0 /* HelloWorld-Prefix.pch */,
				2F08251B16D770170036ECC0 /* Default.png */,
				2F08251D16D770170036ECC0 /* Default@2x.png */,
				2F08251F16D770170036ECC0 /* Default-568h@2x.png */,
			);
			name = "Supporting Files";
			sourceTree = "<group>";
		};
/* End PBXGroup section */

/* Begin PBXNativeTarget section */
		2F08250516D770170036ECC0 /* HelloWorld */ = {
			isa = PBXNativeTarget;
			buildConfigurationList = 2F08252916D770170036ECC0 /* Build configuration list for PBXNativeTarget "HelloWorld" */;
			buildPhases = (
				2F08250216D770170036ECC0 /* Sources */,
				2F08250316D770170036ECC0 /* Frameworks */,
				2F08250416D770170036ECC0 /* Resources */,
			);
			buildRules = (
			);
			dependencies = (
			);
			name = HelloWorld;
			productName = HelloWorld;
			productReference = 2F08250616D770170036ECC0 /* HelloWorld.app */;
			productType = "com.apple.product-type.application";
		};
/* End PBXNativeTarget section */

/* Begin PBXProject section */
		2F0824FE16D770160036ECC0 /* Project object */ = {
			isa = PBXProject;
			attributes = {
				CLASSPREFIX = HelloWorld;
				LastUpgradeCheck = 0460;
				ORGANIZATIONNAME = "Ben Gelsey";
			};
			buildConfigurationList = 2F08250116D770160036ECC0 /* Build configuration list for PBXProject "HelloWorld" */;
			compatibilityVersion = "Xcode 3.2";
			developmentRegion = English;
			hasScannedForEncodings = 0;
			knownRegions = (
				en,
			);
			mainGroup = 2F0824FD16D770160036ECC0;
			productRefGroup = 2F08250716D770170036ECC0 /* Products */;
			projectDirPath = "";
			projectRoot = "";
			targets = (
				2F08250516D770170036ECC0 /* HelloWorld */,
			);
		};
/* End PBXProject section */

/* Begin PBXResourcesBuildPhase section */
		2F08250416D770170036ECC0 /* Resources */ = {
			isa = PBXResourcesBuildPhase;
			buildActionMask = 2147483647;
			files = (
				2F08251416D770170036ECC0 /* InfoPlist.strings in Resources */,
				2F08251C16D770170036ECC0 /* Default.png in Resources */,
				2F08251E16D770170036ECC0 /* Default@2x.png in Resources */,
				2F08252016D770170036ECC0 /* Default-568h@2x.png in Resources */,
				2F08252316D770170036ECC0 /* MainStoryboard.storyboard in Resources */,
			);
			runOnlyForDeploymentPostprocessing = 0;
		};
/* End PBXResourcesBuildPhase section */

/* Begin PBXSourcesBuildPhase section */
		2F08250216D770170036ECC0 /* Sources */ = {
			isa = PBXSourcesBuildPhase;
			buildActionMask = 2147483647;
			files = (
				2F08251616D770170036ECC0 /* main.m in Sources */,
				2F08251A16D770170036ECC0 /* HelloWorldAppDelegate.m in Sources */,
				2F08252616D770170036ECC0 /* HelloWorldViewController.m in Sources */,
			);
			runOnlyForDeploymentPostprocessing = 0;
		};
/* End PBXSourcesBuildPhase section */

/* Begin PBXVariantGroup section */
		2F08251216D770170036ECC0 /* InfoPlist.strings */ = {
			isa = PBXVariantGroup;
			children = (
				2F08251316D770170036ECC0 /* en */,
			);
			name = InfoPlist.strings;
			sourceTree = "<group>";
		};
		2F08252116D770170036ECC0 /* MainStoryboard.storyboard */ = {
			isa = PBXVariantGroup;
			children = (
				2F08252216D770170036ECC0 /* en */,
			);
			name = MainStoryboard.storyboard;
			sourceTree = "<group>";
		};
/* End PBXVariantGroup section */

/* Begin XCBuildConfiguration section */
		2F08252716D770170036ECC0 /* Debug */ = {
			isa = XCBuildConfiguration;
			buildSettings = {
				ALWAYS_SEARCH_USER_PATHS = NO;
				CLANG_CXX_LANGUAGE_STANDARD = "gnu++0x";
				CLANG_CXX_LIBRARY = "libc++";
				CLANG_ENABLE_OBJC_ARC = YES;
				CLANG_WARN_CONSTANT_CONVERSION = YES;
				CLANG_WARN_EMPTY_BODY = YES;
				CLANG_WARN_ENUM_CONVERSION = YES;
				CLANG_WARN_INT_CONVERSION = YES;
				CLANG_WARN__DUPLICATE_METHOD_MATCH = YES;
				"CODE_SIGN_IDENTITY[sdk=iphoneos*]" = "iPhone Developer";
				COPY_PHASE_STRIP = NO;
				GCC_C_LANGUAGE_STANDARD = gnu99;
				GCC_DYNAMIC_NO_PIC = NO;
				GCC_OPTIMIZATION_LEVEL = 0;
				GCC_PREPROCESSOR_DEFINITIONS = (
					"DEBUG=1",
					"$(inherited)",
				);
				GCC_SYMBOLS_PRIVATE_EXTERN = NO;
				GCC_WARN_ABOUT_RETURN_TYPE = YES;
				GCC_WARN_UNINITIALIZED_AUTOS = YES;
				GCC_WARN_UNUSED_VARIABLE = YES;
				IPHONEOS_DEPLOYMENT_TARGET = 6.1;
				ONLY_ACTIVE_ARCH = YES;
				SDKROOT = iphoneos;
			};
			name = Debug;
		};
		2F08252816D770170036ECC0 /* Release */ = {
			isa = XCBuildConfiguration;
			buildSettings = {
				ALWAYS_SEARCH_USER_PATHS = NO;
				CLANG_CXX_LANGUAGE_STANDARD = "gnu++0x";
				CLANG_CXX_LIBRARY = "libc++";
				CLANG_ENABLE_OBJC_ARC = YES;
				CLANG_WARN_CONSTANT_CONVERSION = YES;
				CLANG_WARN_EMPTY_BODY = YES;
				CLANG_WARN_ENUM_CONVERSION = YES;
				CLANG_WARN_INT_CONVERSION = YES;
				CLANG_WARN__DUPLICATE_METHOD_MATCH = YES;
				"CODE_SIGN_IDENTITY[sdk=iphoneos*]" = "iPhone Developer";
				COPY_PHASE_STRIP = YES;
				GCC_C_LANGUAGE_STANDARD = gnu99;
				GCC_WARN_ABOUT_RETURN_TYPE = YES;
				GCC_WARN_UNINITIALIZED_AUTOS = YES;
				GCC_WARN_UNUSED_VARIABLE = YES;
				IPHONEOS_DEPLOYMENT_TARGET = 6.1;
				OTHER_CFLAGS = "-DNS_BLOCK_ASSERTIONS=1";
				SDKROOT = iphoneos;
				VALIDATE_PRODUCT = YES;
			};
			name = Release;
		};
		2F08252A16D770170036ECC0 /* Debug */ = {
			isa = XCBuildConfiguration;
			buildSettings = {
				GCC_PRECOMPILE_PREFIX_HEADER = YES;
				GCC_PREFIX_HEADER = "HelloWorld/HelloWorld-Prefix.pch";
				INFOPLIST_FILE = "HelloWorld/HelloWorld-Info.plist";
				PRODUCT_NAME = "$(TARGET_NAME)";
				WRAPPER_EXTENSION = app;
			};
			name = Debug;
		};
		2F08252B16D770170036ECC0 /* Release */ = {
			isa = XCBuildConfiguration;
			buildSettings = {
				GCC_PRECOMPILE_PREFIX_HEADER = YES;
				GCC_PREFIX_HEADER = "HelloWorld/HelloWorld-Prefix.pch";
				INFOPLIST_FILE = "HelloWorld/HelloWorld-Info.plist";
				PRODUCT_NAME = "$(TARGET_NAME)";
				WRAPPER_EXTENSION = app;
			};
			name = Release;
		};
/* End XCBuildConfiguration section */

/* Begin XCConfigurationList section */
		2F08250116D770160036ECC0 /* Build configuration list for PBXProject "HelloWorld" */ = {
			isa = XCConfigurationList;
			buildConfigurations = (
				2F08252716D770170036ECC0 /* Debug */,
				2F08252816D770170036ECC0 /* Release */,
			);
			defaultConfigurationIsVisible = 0;
			defaultConfigurationName = Release;
		};
		2F08252916D770170036ECC0 /* Build configuration list for PBXNativeTarget "HelloWorld" */ = {
			isa = XCConfigurationList;
			buildConfigurations = (
				2F08252A16D770170036ECC0 /* Debug */,
				2F08252B16D770170036ECC0 /* Release */,
			);
			defaultConfigurationIsVisible = 0;
		};
/* End XCConfigurationList section */
	};
	rootObject = 2F0824FE16D770160036ECC0 /* Project object */;
}
